{
  "name": "anomaly-pwa",
  "version": "1.0.0",
  "scripts": {
    "build": "esbuild src/main.ts --bundle --outdir=dist/js --minify --sourcemap --loader:.ts=ts --resolve-extensions=.ts,.js && copy index.html dist\\ && copy manifest.json dist\\ && copy service-worker.js dist\\ && xcopy icons dist\\icons\\ /E /I /Y",
    "dev": "esbuild src/main.ts --bundle --outdir=dist/js --watch --loader:.ts=ts --resolve-extensions=.ts,.js"
  },
  "dependencies": {
    "@zxing/browser": "^0.1.4",
    "idb": "^8.0.0",
    "paho-mqtt": "^1.1.0",
    "qrcode-generator": "^1.4.4"
  },
  "devDependencies": {
    "esbuild": "^0.21.0",
    "tailwindcss": "^3.4.0"
  }
}